
Microsoft Visual Studio Solution File, Format Version 12.00
# Visual Studio 2012
Project("{FAE04EC0-301F-11D3-BF4B-00C04F79EFBC}") = "GameProject566", "GameProject566\GameProject566.csproj", "{1D46D21F-5060-45CD-8549-7923AA530FF8}"
EndProject
Global
	GlobalSection(SolutionConfigurationPlatforms) = preSolution
		Debug|x86 = Debug|x86
		Release|x86 = Release|x86
	EndGlobalSection
	GlobalSection(ProjectConfigurationPlatforms) = postSolution
		{1D46D21F-5060-45CD-8549-7923AA530FF8}.Debug|x86.ActiveCfg = Debug|x86
		{1D46D21F-5060-45CD-8549-7923AA530FF8}.Debug|x86.Build.0 = Debug|x86
		{1D46D21F-5060-45CD-8549-7923AA530FF8}.Release|x86.ActiveCfg = Release|x86
		{1D46D21F-5060-45CD-8549-7923AA530FF8}.Release|x86.Build.0 = Release|x86
	EndGlobalSection
	GlobalSection(MonoDevelopProperties) = preSolution
		StartupItem = GameProject566\GameProject566.csproj
	EndGlobalSection
EndGlobal
